// !$*UTF8*$!
{
	archiveVersion = 1;
	classes = {
	};
	objectVersion = 45;
	objects = {

/* Begin PBXBuildFile section */
		8DD76FAC0486AB0100D96B5E /* add_and_multiply_main.c in Sources */ = {isa = PBXBuildFile; fileRef = 08FB7796FE84155DC02AAC07 /* add_and_multiply_main.c */; settings = {ATTRIBUTES = (); }; };
		8DD76FB00486AB0100D96B5E /* add_and_multiply.1 in CopyFiles */ = {isa = PBXBuildFile; fileRef = C6A0FF2C0290799A04C91782 /* add_and_multiply.1 */; };
		A592515115C99C10004A6BB6 /* libgetnumber.c in Sources */ = {isa = PBXBuildFile; fileRef = A592515015C99C10004A6BB6 /* libgetnumber.c */; };
		A592515415C99C26004A6BB6 /* libgetnumber.dylib in Frameworks */ = {isa = PBXBuildFile; fileRef = A592515215C99C26004A6BB6 /* libgetnumber.dylib */; };
		A592515515C99C26004A6BB6 /* libgetnumber.a in Frameworks */ = {isa = PBXBuildFile; fileRef = A592515315C99C26004A6BB6 /* libgetnumber.a */; };
		A592523515C9A299004A6BB6 /* libgetnumber.dylib in Frameworks */ = {isa = PBXBuildFile; fileRef = A592523315C9A299004A6BB6 /* libgetnumber.dylib */; };
		A592523615C9A299004A6BB6 /* libgetnumber.a in Frameworks */ = {isa = PBXBuildFile; fileRef = A592523415C9A299004A6BB6 /* libgetnumber.a */; };
		A5D7583315D562DC00618C79 /* add_and_multiply_unlinked.c in Sources */ = {isa = PBXBuildFile; fileRef = A5D7582915D5617A00618C79 /* add_and_multiply_unlinked.c */; };
/* End PBXBuildFile section */

/* Begin PBXCopyFilesBuildPhase section */
		8DD76FAF0486AB0100D96B5E /* CopyFiles */ = {
			isa = PBXCopyFilesBuildPhase;
			buildActionMask = 8;
			dstPath = /usr/share/man/man1/;
			dstSubfolderSpec = 0;
			files = (
				8DD76FB00486AB0100D96B5E /* add_and_multiply.1 in CopyFiles */,
			);
			runOnlyForDeploymentPostprocessing = 1;
		};
/* End PBXCopyFilesBuildPhase section */

/* Begin PBXFileReference section */
		08FB7796FE84155DC02AAC07 /* add_and_multiply_main.c */ = {isa = PBXFileReference; fileEncoding = 4; lastKnownFileType = sourcecode.c.c; path = add_and_multiply_main.c; sourceTree = "<group>"; };
		A592514F15C99C10004A6BB6 /* libgetnumber.h */ = {isa = PBXFileReference; fileEncoding = 4; lastKnownFileType = sourcecode.c.h; path = libgetnumber.h; sourceTree = "<group>"; };
		A592515015C99C10004A6BB6 /* libgetnumber.c */ = {isa = PBXFileReference; fileEncoding = 4; lastKnownFileType = sourcecode.c.c; path = libgetnumber.c; sourceTree = "<group>"; };
		A592515215C99C26004A6BB6 /* libgetnumber.dylib */ = {isa = PBXFileReference; lastKnownFileType = "compiled.mach-o.dylib"; path = libgetnumber.dylib; sourceTree = "<group>"; };
		A592515315C99C26004A6BB6 /* libgetnumber.a */ = {isa = PBXFileReference; lastKnownFileType = archive.ar; path = libgetnumber.a; sourceTree = "<group>"; };
		A592523315C9A299004A6BB6 /* libgetnumber.dylib */ = {isa = PBXFileReference; lastKnownFileType = "compiled.mach-o.dylib"; name = libgetnumber.dylib; path = build/Debug/libgetnumber.dylib; sourceTree = "<group>"; };
		A592523415C9A299004A6BB6 /* libgetnumber.a */ = {isa = PBXFileReference; lastKnownFileType = archive.ar; name = libgetnumber.a; path = build/Debug/libgetnumber.a; sourceTree = "<group>"; };
		A5B316BA15CDEA55001B2696 /* add_and_multiply */ = {isa = PBXFileReference; explicitFileType = "compiled.mach-o.executable"; includeInIndex = 0; path = add_and_multiply; sourceTree = BUILT_PRODUCTS_DIR; };
		A5D7582915D5617A00618C79 /* add_and_multiply_unlinked.c */ = {isa = PBXFileReference; fileEncoding = 4; lastKnownFileType = sourcecode.c.c; path = add_and_multiply_unlinked.c; sourceTree = "<group>"; };
		A5D7582F15D562C800618C79 /* add_and_multiply_unlinked */ = {isa = PBXFileReference; explicitFileType = "compiled.mach-o.executable"; includeInIndex = 0; path = add_and_multiply_unlinked; sourceTree = BUILT_PRODUCTS_DIR; };
		C6A0FF2C0290799A04C91782 /* add_and_multiply.1 */ = {isa = PBXFileReference; lastKnownFileType = text.man; path = add_and_multiply.1; sourceTree = "<group>"; };
/* End PBXFileReference section */

/* Begin PBXFrameworksBuildPhase section */
		8DD76FAD0486AB0100D96B5E /* Frameworks */ = {
			isa = PBXFrameworksBuildPhase;
			buildActionMask = 2147483647;
			files = (
				A592515415C99C26004A6BB6 /* libgetnumber.dylib in Frameworks */,
				A592515515C99C26004A6BB6 /* libgetnumber.a in Frameworks */,
				A592523515C9A299004A6BB6 /* libgetnumber.dylib in Frameworks */,
				A592523615C9A299004A6BB6 /* libgetnumber.a in Frameworks */,
			);
			runOnlyForDeploymentPostprocessing = 0;
		};
		A5D7582D15D562C800618C79 /* Frameworks */ = {
			isa = PBXFrameworksBuildPhase;
			buildActionMask = 2147483647;
			files = (
			);
			runOnlyForDeploymentPostprocessing = 0;
		};
/* End PBXFrameworksBuildPhase section */

/* Begin PBXGroup section */
		08FB7794FE84155DC02AAC07 /* add_and_multipy */ = {
			isa = PBXGroup;
			children = (
				A592514B15C99C04004A6BB6 /* Linked Libraries */,
				08FB7795FE84155DC02AAC07 /* Source */,
				C6A0FF2B0290797F04C91782 /* Documentation */,
				1AB674ADFE9D54B511CA2CBB /* Products */,
			);
			name = add_and_multipy;
			sourceTree = "<group>";
		};
		08FB7795FE84155DC02AAC07 /* Source */ = {
			isa = PBXGroup;
			children = (
				A592514E15C99C0F004A6BB6 /* libgetnumber */,
				08FB7796FE84155DC02AAC07 /* add_and_multiply_main.c */,
				A5D7582915D5617A00618C79 /* add_and_multiply_unlinked.c */,
			);
			name = Source;
			sourceTree = "<group>";
		};
		1AB674ADFE9D54B511CA2CBB /* Products */ = {
			isa = PBXGroup;
			children = (
				A592523315C9A299004A6BB6 /* libgetnumber.dylib */,
				A592523415C9A299004A6BB6 /* libgetnumber.a */,
				A5B316BA15CDEA55001B2696 /* add_and_multiply */,
				A5D7582F15D562C800618C79 /* add_and_multiply_unlinked */,
			);
			name = Products;
			sourceTree = "<group>";
		};
		A592514B15C99C04004A6BB6 /* Linked Libraries */ = {
			isa = PBXGroup;
			children = (
				A592515215C99C26004A6BB6 /* libgetnumber.dylib */,
				A592515315C99C26004A6BB6 /* libgetnumber.a */,
			);
			name = "Linked Libraries";
			sourceTree = "<group>";
		};
		A592514E15C99C0F004A6BB6 /* libgetnumber */ = {
			isa = PBXGroup;
			children = (
				A592514F15C99C10004A6BB6 /* libgetnumber.h */,
				A592515015C99C10004A6BB6 /* libgetnumber.c */,
			);
			name = libgetnumber;
			sourceTree = "<group>";
		};
		C6A0FF2B0290797F04C91782 /* Documentation */ = {
			isa = PBXGroup;
			children = (
				C6A0FF2C0290799A04C91782 /* add_and_multiply.1 */,
			);
			name = Documentation;
			sourceTree = "<group>";
		};
/* End PBXGroup section */

/* Begin PBXNativeTarget section */
		8DD76FA90486AB0100D96B5E /* add_and_multiply */ = {
			isa = PBXNativeTarget;
			buildConfigurationList = 1DEB928508733DD80010E9CD /* Build configuration list for PBXNativeTarget "add_and_multiply" */;
			buildPhases = (
				8DD76FAB0486AB0100D96B5E /* Sources */,
				8DD76FAD0486AB0100D96B5E /* Frameworks */,
				8DD76FAF0486AB0100D96B5E /* CopyFiles */,
			);
			buildRules = (
			);
			dependencies = (
			);
			name = add_and_multiply;
			productInstallPath = "$(HOME)/bin";
			productName = add_and_multipy;
			productReference = A5B316BA15CDEA55001B2696 /* add_and_multiply */;
			productType = "com.apple.product-type.tool";
		};
		A5D7582E15D562C800618C79 /* add_and_multiply_unlinked */ = {
			isa = PBXNativeTarget;
			buildConfigurationList = A5D7584115D5631E00618C79 /* Build configuration list for PBXNativeTarget "add_and_multiply_unlinked" */;
			buildPhases = (
				A5D7582C15D562C800618C79 /* Sources */,
				A5D7582D15D562C800618C79 /* Frameworks */,
			);
			buildRules = (
			);
			dependencies = (
			);
			name = add_and_multiply_unlinked;
			productName = add_and_multiply_unlinked;
			productReference = A5D7582F15D562C800618C79 /* add_and_multiply_unlinked */;
			productType = "com.apple.product-type.tool";
		};
/* End PBXNativeTarget section */

/* Begin PBXProject section */
		08FB7793FE84155DC02AAC07 /* Project object */ = {
			isa = PBXProject;
			buildConfigurationList = 1DEB928908733DD80010E9CD /* Build configuration list for PBXProject "add_and_multiply" */;
			compatibilityVersion = "Xcode 3.1";
			developmentRegion = English;
			hasScannedForEncodings = 1;
			knownRegions = (
				English,
				Japanese,
				French,
				German,
			);
			mainGroup = 08FB7794FE84155DC02AAC07 /* add_and_multipy */;
			projectDirPath = "";
			projectRoot = "";
			targets = (
				8DD76FA90486AB0100D96B5E /* add_and_multiply */,
				A5D7582E15D562C800618C79 /* add_and_multiply_unlinked */,
			);
		};
/* End PBXProject section */

/* Begin PBXSourcesBuildPhase section */
		8DD76FAB0486AB0100D96B5E /* Sources */ = {
			isa = PBXSourcesBuildPhase;
			buildActionMask = 2147483647;
			files = (
				8DD76FAC0486AB0100D96B5E /* add_and_multiply_main.c in Sources */,
				A592515115C99C10004A6BB6 /* libgetnumber.c in Sources */,
			);
			runOnlyForDeploymentPostprocessing = 0;
		};
		A5D7582C15D562C800618C79 /* Sources */ = {
			isa = PBXSourcesBuildPhase;
			buildActionMask = 2147483647;
			files = (
				A5D7583315D562DC00618C79 /* add_and_multiply_unlinked.c in Sources */,
			);
			runOnlyForDeploymentPostprocessing = 0;
		};
/* End PBXSourcesBuildPhase section */

/* Begin XCBuildConfiguration section */
		1DEB928608733DD80010E9CD /* Debug */ = {
			isa = XCBuildConfiguration;
			buildSettings = {
				ALWAYS_SEARCH_USER_PATHS = NO;
				COPY_PHASE_STRIP = NO;
				GCC_DYNAMIC_NO_PIC = NO;
				GCC_ENABLE_FIX_AND_CONTINUE = YES;
				GCC_MODEL_TUNING = G5;
				GCC_OPTIMIZATION_LEVEL = 0;
				INSTALL_PATH = /usr/local/bin;
				LIBRARY_SEARCH_PATHS = (
					"$(inherited)",
					"\"$(SRCROOT)\"",
					"\"$(SRCROOT)/build/Debug\"",
				);
				PRODUCT_NAME = add_and_multiply;
			};
			name = Debug;
		};
		1DEB928708733DD80010E9CD /* Release */ = {
			isa = XCBuildConfiguration;
			buildSettings = {
				ALWAYS_SEARCH_USER_PATHS = NO;
				DEBUG_INFORMATION_FORMAT = "dwarf-with-dsym";
				GCC_MODEL_TUNING = G5;
				INSTALL_PATH = /usr/local/bin;
				LIBRARY_SEARCH_PATHS = (
					"$(inherited)",
					"\"$(SRCROOT)\"",
					"\"$(SRCROOT)/build/Debug\"",
				);
				PRODUCT_NAME = add_and_multipy;
			};
			name = Release;
		};
		1DEB928A08733DD80010E9CD /* Debug */ = {
			isa = XCBuildConfiguration;
			buildSettings = {
				ARCHS = "$(ARCHS_STANDARD_32_64_BIT)";
				DEBUG_INFORMATION_FORMAT = "dwarf-with-dsym";
				ENABLE_OPENMP_SUPPORT = YES;
				GCC_ALTIVEC_EXTENSIONS = YES;
				GCC_AUTO_VECTORIZATION = YES;
				GCC_C_LANGUAGE_STANDARD = gnu99;
				GCC_ENABLE_EXCEPTIONS = YES;
				GCC_ENABLE_FIX_AND_CONTINUE = YES;
				GCC_ENABLE_SSE3_EXTENSIONS = YES;
				GCC_ENABLE_SSE41_EXTENSIONS = YES;
				GCC_ENABLE_SSE42_EXTENSIONS = YES;
				GCC_ENABLE_SUPPLEMENTAL_SSE3_INSTRUCTIONS = YES;
				GCC_ENABLE_TRIGRAPHS = YES;
				GCC_INCREASE_PRECOMPILED_HEADER_SHARING = YES;
				GCC_OPTIMIZATION_LEVEL = 0;
				GCC_PRECOMPILE_PREFIX_HEADER = YES;
				GCC_WARN_64_TO_32_BIT_CONVERSION = YES;
				GCC_WARN_ABOUT_GLOBAL_CONSTRUCTORS = YES;
				GCC_WARN_ABOUT_MISSING_FIELD_INITIALIZERS = YES;
				GCC_WARN_ABOUT_MISSING_NEWLINE = YES;
				GCC_WARN_ABOUT_MISSING_PROTOTYPES = YES;
				GCC_WARN_ABOUT_RETURN_TYPE = YES;
				GCC_WARN_CHECK_SWITCH_STATEMENTS = YES;
				GCC_WARN_EFFECTIVE_CPLUSPLUS_VIOLATIONS = YES;
				GCC_WARN_FOUR_CHARACTER_CONSTANTS = YES;
				GCC_WARN_HIDDEN_VIRTUAL_FUNCTIONS = YES;
				GCC_WARN_INITIALIZER_NOT_FULLY_BRACKETED = YES;
				GCC_WARN_MISSING_PARENTHESES = YES;
				GCC_WARN_MULTIPLE_DEFINITION_TYPES_FOR_SELECTOR = YES;
				GCC_WARN_NON_VIRTUAL_DESTRUCTOR = YES;
				GCC_WARN_PEDANTIC = YES;
				GCC_WARN_PROTOTYPE_CONVERSION = YES;
				GCC_WARN_SHADOW = YES;
				GCC_WARN_SIGN_COMPARE = YES;
				GCC_WARN_STRICT_SELECTOR_MATCH = YES;
				GCC_WARN_UNDECLARED_SELECTOR = YES;
				GCC_WARN_UNKNOWN_PRAGMAS = YES;
				GCC_WARN_UNUSED_FUNCTION = YES;
				GCC_WARN_UNUSED_LABEL = YES;
				GCC_WARN_UNUSED_PARAMETER = YES;
				GCC_WARN_UNUSED_VALUE = YES;
				GCC_WARN_UNUSED_VARIABLE = YES;
				GENERATE_PKGINFO_FILE = YES;
				GENERATE_PROFILING_CODE = YES;
				LD_GENERATE_MAP_FILE = YES;
				MACH_O_TYPE = mh_execute;
				ONLY_ACTIVE_ARCH = YES;
				PREBINDING = NO;
				RUN_CLANG_STATIC_ANALYZER = YES;
				SCAN_ALL_SOURCE_FILES_FOR_INCLUDES = YES;
				SDKROOT = macosx10.6;
				VALIDATE_PRODUCT = YES;
				VERSIONING_SYSTEM = "apple-generic";
				VERSION_INFO_BUILDER = cooljeanius;
			};
			name = Debug;
		};
		1DEB928B08733DD80010E9CD /* Release */ = {
			isa = XCBuildConfiguration;
			buildSettings = {
				ARCHS = "$(ARCHS_STANDARD_32_64_BIT)";
				GCC_C_LANGUAGE_STANDARD = gnu99;
				GCC_WARN_ABOUT_RETURN_TYPE = YES;
				GCC_WARN_UNUSED_VARIABLE = YES;
				PREBINDING = NO;
				SDKROOT = macosx10.6;
			};
			name = Release;
		};
		A5D7583115D562CB00618C79 /* Debug */ = {
			isa = XCBuildConfiguration;
			buildSettings = {
				ALWAYS_SEARCH_USER_PATHS = NO;
				COPY_PHASE_STRIP = NO;
				GCC_DYNAMIC_NO_PIC = NO;
				GCC_ENABLE_FIX_AND_CONTINUE = YES;
				GCC_MODEL_TUNING = G5;
				GCC_OPTIMIZATION_LEVEL = 0;
				INSTALL_PATH = /usr/local/bin;
				PREBINDING = NO;
				PRODUCT_NAME = add_and_multiply_unlinked;
			};
			name = Debug;
		};
		A5D7583215D562CB00618C79 /* Release */ = {
			isa = XCBuildConfiguration;
			buildSettings = {
				ALWAYS_SEARCH_USER_PATHS = NO;
				COPY_PHASE_STRIP = YES;
				DEBUG_INFORMATION_FORMAT = "dwarf-with-dsym";
				GCC_ENABLE_FIX_AND_CONTINUE = NO;
				GCC_MODEL_TUNING = G5;
				INSTALL_PATH = /usr/local/bin;
				PREBINDING = NO;
				PRODUCT_NAME = add_and_multiply_unlinked;
				ZERO_LINK = NO;
			};
			name = Release;
		};
/* End XCBuildConfiguration section */

/* Begin XCConfigurationList section */
		1DEB928508733DD80010E9CD /* Build configuration list for PBXNativeTarget "add_and_multiply" */ = {
			isa = XCConfigurationList;
			buildConfigurations = (
				1DEB928608733DD80010E9CD /* Debug */,
				1DEB928708733DD80010E9CD /* Release */,
			);
			defaultConfigurationIsVisible = 0;
			defaultConfigurationName = Release;
		};
		1DEB928908733DD80010E9CD /* Build configuration list for PBXProject "add_and_multiply" */ = {
			isa = XCConfigurationList;
			buildConfigurations = (
				1DEB928A08733DD80010E9CD /* Debug */,
				1DEB928B08733DD80010E9CD /* Release */,
			);
			defaultConfigurationIsVisible = 0;
			defaultConfigurationName = Release;
		};
		A5D7584115D5631E00618C79 /* Build configuration list for PBXNativeTarget "add_and_multiply_unlinked" */ = {
			isa = XCConfigurationList;
			buildConfigurations = (
				A5D7583115D562CB00618C79 /* Debug */,
				A5D7583215D562CB00618C79 /* Release */,
			);
			defaultConfigurationIsVisible = 0;
			defaultConfigurationName = Release;
		};
/* End XCConfigurationList section */
	};
	rootObject = 08FB7793FE84155DC02AAC07 /* Project object */;
}
